
Microsoft Visual Studio Solution File, Format Version 12.00
# Visual Studio 15
VisualStudioVersion = 15.0.27703.2047
MinimumVisualStudioVersion = 10.0.40219.1
Project("{FAE04EC0-301F-11D3-BF4B-00C04F79EFBC}") = "Sales.Android", "Sales\Sales.Android\Sales.Android.csproj", "{B712B35B-DA5D-41EB-99BE-A2E984B389FB}"
EndProject
Project("{FAE04EC0-301F-11D3-BF4B-00C04F79EFBC}") = "Sales.iOS", "Sales\Sales.iOS\Sales.iOS.csproj", "{C6D3C26C-DAC9-4864-845D-88FD409F1A16}"
EndProject
Project("{FAE04EC0-301F-11D3-BF4B-00C04F79EFBC}") = "Sales.UWP", "Sales\Sales.UWP\Sales.UWP.csproj", "{B9A2DEDA-3E58-48CE-970D-C0DBA6E57C6E}"
EndProject
Project("{9A19103F-16F7-4668-BE54-9A1E7A4F7556}") = "Sales", "Sales\Sales\Sales.csproj", "{6AB9A3AB-53DC-48C8-9BA4-0BC5369BDB6B}"
EndProject
Project("{FAE04EC0-301F-11D3-BF4B-00C04F79EFBC}") = "Sales.Backend", "Sales.Backend\Sales.Backend.csproj", "{3F56BC57-ECF3-4AB3-B279-992C6125C784}"
EndProject
Project("{FAE04EC0-301F-11D3-BF4B-00C04F79EFBC}") = "Sales.API", "Sales.API\Sales.API.csproj", "{4B375654-3613-4A35-BD83-3C8D9FFA95C5}"
EndProject
Project("{FAE04EC0-301F-11D3-BF4B-00C04F79EFBC}") = "Sales.Domain", "Sales.Domain\Sales.Domain.csproj", "{8A6E4975-54E7-44D4-93DB-0E253DDEDC57}"
EndProject
Project("{FAE04EC0-301F-11D3-BF4B-00C04F79EFBC}") = "Sales.Common", "Sales.Common\Sales.Common.csproj", "{C0D70484-B216-4830-897F-ED3AD5E121FA}"
EndProject
Global
	GlobalSection(SolutionConfigurationPlatforms) = preSolution
		Ad-Hoc|Any CPU = Ad-Hoc|Any CPU
		Ad-Hoc|ARM = Ad-Hoc|ARM
		Ad-Hoc|iPhone = Ad-Hoc|iPhone
		Ad-Hoc|iPhoneSimulator = Ad-Hoc|iPhoneSimulator
		Ad-Hoc|x64 = Ad-Hoc|x64
		Ad-Hoc|x86 = Ad-Hoc|x86
		AppStore|Any CPU = AppStore|Any CPU
		AppStore|ARM = AppStore|ARM
		AppStore|iPhone = AppStore|iPhone
		AppStore|iPhoneSimulator = AppStore|iPhoneSimulator
		AppStore|x64 = AppStore|x64
		AppStore|x86 = AppStore|x86
		Debug|Any CPU = Debug|Any CPU
		Debug|ARM = Debug|ARM
		Debug|iPhone = Debug|iPhone
		Debug|iPhoneSimulator = Debug|iPhoneSimulator
		Debug|x64 = Debug|x64
		Debug|x86 = Debug|x86
		Release|Any CPU = Release|Any CPU
		Release|ARM = Release|ARM
		Release|iPhone = Release|iPhone
		Release|iPhoneSimulator = Release|iPhoneSimulator
		Release|x64 = Release|x64
		Release|x86 = Release|x86
	EndGlobalSection
	GlobalSection(ProjectConfigurationPlatforms) = postSolution
		{B712B35B-DA5D-41EB-99BE-A2E984B389FB}.Ad-Hoc|Any CPU.ActiveCfg = Release|Any CPU
		{B712B35B-DA5D-41EB-99BE-A2E984B389FB}.Ad-Hoc|Any CPU.Build.0 = Release|Any CPU
		{B712B35B-DA5D-41EB-99BE-A2E984B389FB}.Ad-Hoc|Any CPU.Deploy.0 = Release|Any CPU
		{B712B35B-DA5D-41EB-99BE-A2E984B389FB}.Ad-Hoc|ARM.ActiveCfg = Release|Any CPU
		{B712B35B-DA5D-41EB-99BE-A2E984B389FB}.Ad-Hoc|ARM.Build.0 = Release|Any CPU
		{B712B35B-DA5D-41EB-99BE-A2E984B389FB}.Ad-Hoc|ARM.Deploy.0 = Release|Any CPU
		{B712B35B-DA5D-41EB-99BE-A2E984B389FB}.Ad-Hoc|iPhone.ActiveCfg = Release|Any CPU
		{B712B35B-DA5D-41EB-99BE-A2E984B389FB}.Ad-Hoc|iPhone.Build.0 = Release|Any CPU
		{B712B35B-DA5D-41EB-99BE-A2E984B389FB}.Ad-Hoc|iPhone.Deploy.0 = Release|Any CPU
		{B712B35B-DA5D-41EB-99BE-A2E984B389FB}.Ad-Hoc|iPhoneSimulator.ActiveCfg = Release|Any CPU
		{B712B35B-DA5D-41EB-99BE-A2E984B389FB}.Ad-Hoc|iPhoneSimulator.Build.0 = Release|Any CPU
		{B712B35B-DA5D-41EB-99BE-A2E984B389FB}.Ad-Hoc|iPhoneSimulator.Deploy.0 = Release|Any CPU
		{B712B35B-DA5D-41EB-99BE-A2E984B389FB}.Ad-Hoc|x64.ActiveCfg = Release|Any CPU
		{B712B35B-DA5D-41EB-99BE-A2E984B389FB}.Ad-Hoc|x64.Build.0 = Release|Any CPU
		{B712B35B-DA5D-41EB-99BE-A2E984B389FB}.Ad-Hoc|x64.Deploy.0 = Release|Any CPU
		{B712B35B-DA5D-41EB-99BE-A2E984B389FB}.Ad-Hoc|x86.ActiveCfg = Release|Any CPU
		{B712B35B-DA5D-41EB-99BE-A2E984B389FB}.Ad-Hoc|x86.Build.0 = Release|Any CPU
		{B712B35B-DA5D-41EB-99BE-A2E984B389FB}.Ad-Hoc|x86.Deploy.0 = Release|Any CPU
		{B712B35B-DA5D-41EB-99BE-A2E984B389FB}.AppStore|Any CPU.ActiveCfg = Release|Any CPU
		{B712B35B-DA5D-41EB-99BE-A2E984B389FB}.AppStore|Any CPU.Build.0 = Release|Any CPU
		{B712B35B-DA5D-41EB-99BE-A2E984B389FB}.AppStore|Any CPU.Deploy.0 = Release|Any CPU
		{B712B35B-DA5D-41EB-99BE-A2E984B389FB}.AppStore|ARM.ActiveCfg = Release|Any CPU
		{B712B35B-DA5D-41EB-99BE-A2E984B389FB}.AppStore|ARM.Build.0 = Release|Any CPU
		{B712B35B-DA5D-41EB-99BE-A2E984B389FB}.AppStore|ARM.Deploy.0 = Release|Any CPU
		{B712B35B-DA5D-41EB-99BE-A2E984B389FB}.AppStore|iPhone.ActiveCfg = Release|Any CPU
		{B712B35B-DA5D-41EB-99BE-A2E984B389FB}.AppStore|iPhone.Build.0 = Release|Any CPU
		{B712B35B-DA5D-41EB-99BE-A2E984B389FB}.AppStore|iPhone.Deploy.0 = Release|Any CPU
		{B712B35B-DA5D-41EB-99BE-A2E984B389FB}.AppStore|iPhoneSimulator.ActiveCfg = Release|Any CPU
		{B712B35B-DA5D-41EB-99BE-A2E984B389FB}.AppStore|iPhoneSimulator.Build.0 = Release|Any CPU
		{B712B35B-DA5D-41EB-99BE-A2E984B389FB}.AppStore|iPhoneSimulator.Deploy.0 = Release|Any CPU
		{B712B35B-DA5D-41EB-99BE-A2E984B389FB}.AppStore|x64.ActiveCfg = Release|Any CPU
		{B712B35B-DA5D-41EB-99BE-A2E984B389FB}.AppStore|x64.Build.0 = Release|Any CPU
		{B712B35B-DA5D-41EB-99BE-A2E984B389FB}.AppStore|x64.Deploy.0 = Release|Any CPU
		{B712B35B-DA5D-41EB-99BE-A2E984B389FB}.AppStore|x86.ActiveCfg = Release|Any CPU
		{B712B35B-DA5D-41EB-99BE-A2E984B389FB}.AppStore|x86.Build.0 = Release|Any CPU
		{B712B35B-DA5D-41EB-99BE-A2E984B389FB}.AppStore|x86.Deploy.0 = Release|Any CPU
		{B712B35B-DA5D-41EB-99BE-A2E984B389FB}.Debug|Any CPU.ActiveCfg = Debug|Any CPU
		{B712B35B-DA5D-41EB-99BE-A2E984B389FB}.Debug|Any CPU.Build.0 = Debug|Any CPU
		{B712B35B-DA5D-41EB-99BE-A2E984B389FB}.Debug|Any CPU.Deploy.0 = Debug|Any CPU
		{B712B35B-DA5D-41EB-99BE-A2E984B389FB}.Debug|ARM.ActiveCfg = Debug|Any CPU
		{B712B35B-DA5D-41EB-99BE-A2E984B389FB}.Debug|ARM.Build.0 = Debug|Any CPU
		{B712B35B-DA5D-41EB-99BE-A2E984B389FB}.Debug|ARM.Deploy.0 = Debug|Any CPU
		{B712B35B-DA5D-41EB-99BE-A2E984B389FB}.Debug|iPhone.ActiveCfg = Debug|Any CPU
		{B712B35B-DA5D-41EB-99BE-A2E984B389FB}.Debug|iPhone.Build.0 = Debug|Any CPU
		{B712B35B-DA5D-41EB-99BE-A2E984B389FB}.Debug|iPhone.Deploy.0 = Debug|Any CPU
		{B712B35B-DA5D-41EB-99BE-A2E984B389FB}.Debug|iPhoneSimulator.ActiveCfg = Debug|Any CPU
		{B712B35B-DA5D-41EB-99BE-A2E984B389FB}.Debug|iPhoneSimulator.Build.0 = Debug|Any CPU
		{B712B35B-DA5D-41EB-99BE-A2E984B389FB}.Debug|iPhoneSimulator.Deploy.0 = Debug|Any CPU
		{B712B35B-DA5D-41EB-99BE-A2E984B389FB}.Debug|x64.ActiveCfg = Debug|Any CPU
		{B712B35B-DA5D-41EB-99BE-A2E984B389FB}.Debug|x64.Build.0 = Debug|Any CPU
		{B712B35B-DA5D-41EB-99BE-A2E984B389FB}.Debug|x64.Deploy.0 = Debug|Any CPU
		{B712B35B-DA5D-41EB-99BE-A2E984B389FB}.Debug|x86.ActiveCfg = Debug|Any CPU
		{B712B35B-DA5D-41EB-99BE-A2E984B389FB}.Debug|x86.Build.0 = Debug|Any CPU
		{B712B35B-DA5D-41EB-99BE-A2E984B389FB}.Debug|x86.Deploy.0 = Debug|Any CPU
		{B712B35B-DA5D-41EB-99BE-A2E984B389FB}.Release|Any CPU.ActiveCfg = Release|Any CPU
		{B712B35B-DA5D-41EB-99BE-A2E984B389FB}.Release|Any CPU.Build.0 = Release|Any CPU
		{B712B35B-DA5D-41EB-99BE-A2E984B389FB}.Release|Any CPU.Deploy.0 = Release|Any CPU
		{B712B35B-DA5D-41EB-99BE-A2E984B389FB}.Release|ARM.ActiveCfg = Release|Any CPU
		{B712B35B-DA5D-41EB-99BE-A2E984B389FB}.Release|ARM.Build.0 = Release|Any CPU
		{B712B35B-DA5D-41EB-99BE-A2E984B389FB}.Release|ARM.Deploy.0 = Release|Any CPU
		{B712B35B-DA5D-41EB-99BE-A2E984B389FB}.Release|iPhone.ActiveCfg = Release|Any CPU
		{B712B35B-DA5D-41EB-99BE-A2E984B389FB}.Release|iPhone.Build.0 = Release|Any CPU
		{B712B35B-DA5D-41EB-99BE-A2E984B389FB}.Release|iPhone.Deploy.0 = Release|Any CPU
		{B712B35B-DA5D-41EB-99BE-A2E984B389FB}.Release|iPhoneSimulator.ActiveCfg = Release|Any CPU
		{B712B35B-DA5D-41EB-99BE-A2E984B389FB}.Release|iPhoneSimulator.Build.0 = Release|Any CPU
		{B712B35B-DA5D-41EB-99BE-A2E984B389FB}.Release|iPhoneSimulator.Deploy.0 = Release|Any CPU
		{B712B35B-DA5D-41EB-99BE-A2E984B389FB}.Release|x64.ActiveCfg = Release|Any CPU
		{B712B35B-DA5D-41EB-99BE-A2E984B389FB}.Release|x64.Build.0 = Release|Any CPU
		{B712B35B-DA5D-41EB-99BE-A2E984B389FB}.Release|x64.Deploy.0 = Release|Any CPU
		{B712B35B-DA5D-41EB-99BE-A2E984B389FB}.Release|x86.ActiveCfg = Release|Any CPU
		{B712B35B-DA5D-41EB-99BE-A2E984B389FB}.Release|x86.Build.0 = Release|Any CPU
		{B712B35B-DA5D-41EB-99BE-A2E984B389FB}.Release|x86.Deploy.0 = Release|Any CPU
		{C6D3C26C-DAC9-4864-845D-88FD409F1A16}.Ad-Hoc|Any CPU.ActiveCfg = Ad-Hoc|iPhone
		{C6D3C26C-DAC9-4864-845D-88FD409F1A16}.Ad-Hoc|Any CPU.Build.0 = Ad-Hoc|iPhone
		{C6D3C26C-DAC9-4864-845D-88FD409F1A16}.Ad-Hoc|Any CPU.Deploy.0 = Ad-Hoc|iPhone
		{C6D3C26C-DAC9-4864-845D-88FD409F1A16}.Ad-Hoc|ARM.ActiveCfg = Ad-Hoc|iPhone
		{C6D3C26C-DAC9-4864-845D-88FD409F1A16}.Ad-Hoc|ARM.Build.0 = Ad-Hoc|iPhone
		{C6D3C26C-DAC9-4864-845D-88FD409F1A16}.Ad-Hoc|ARM.Deploy.0 = Ad-Hoc|iPhone
		{C6D3C26C-DAC9-4864-845D-88FD409F1A16}.Ad-Hoc|iPhone.ActiveCfg = Ad-Hoc|iPhone
		{C6D3C26C-DAC9-4864-845D-88FD409F1A16}.Ad-Hoc|iPhone.Build.0 = Ad-Hoc|iPhone
		{C6D3C26C-DAC9-4864-845D-88FD409F1A16}.Ad-Hoc|iPhone.Deploy.0 = Ad-Hoc|iPhone
		{C6D3C26C-DAC9-4864-845D-88FD409F1A16}.Ad-Hoc|iPhoneSimulator.ActiveCfg = Ad-Hoc|iPhoneSimulator
		{C6D3C26C-DAC9-4864-845D-88FD409F1A16}.Ad-Hoc|iPhoneSimulator.Build.0 = Ad-Hoc|iPhoneSimulator
		{C6D3C26C-DAC9-4864-845D-88FD409F1A16}.Ad-Hoc|iPhoneSimulator.Deploy.0 = Ad-Hoc|iPhoneSimulator
		{C6D3C26C-DAC9-4864-845D-88FD409F1A16}.Ad-Hoc|x64.ActiveCfg = Ad-Hoc|iPhone
		{C6D3C26C-DAC9-4864-845D-88FD409F1A16}.Ad-Hoc|x64.Build.0 = Ad-Hoc|iPhone
		{C6D3C26C-DAC9-4864-845D-88FD409F1A16}.Ad-Hoc|x64.Deploy.0 = Ad-Hoc|iPhone
		{C6D3C26C-DAC9-4864-845D-88FD409F1A16}.Ad-Hoc|x86.ActiveCfg = Ad-Hoc|iPhone
		{C6D3C26C-DAC9-4864-845D-88FD409F1A16}.Ad-Hoc|x86.Build.0 = Ad-Hoc|iPhone
		{C6D3C26C-DAC9-4864-845D-88FD409F1A16}.Ad-Hoc|x86.Deploy.0 = Ad-Hoc|iPhone
		{C6D3C26C-DAC9-4864-845D-88FD409F1A16}.AppStore|Any CPU.ActiveCfg = AppStore|iPhone
		{C6D3C26C-DAC9-4864-845D-88FD409F1A16}.AppStore|Any CPU.Build.0 = AppStore|iPhone
		{C6D3C26C-DAC9-4864-845D-88FD409F1A16}.AppStore|Any CPU.Deploy.0 = AppStore|iPhone
		{C6D3C26C-DAC9-4864-845D-88FD409F1A16}.AppStore|ARM.ActiveCfg = AppStore|iPhone
		{C6D3C26C-DAC9-4864-845D-88FD409F1A16}.AppStore|ARM.Build.0 = AppStore|iPhone
		{C6D3C26C-DAC9-4864-845D-88FD409F1A16}.AppStore|ARM.Deploy.0 = AppStore|iPhone
		{C6D3C26C-DAC9-4864-845D-88FD409F1A16}.AppStore|iPhone.ActiveCfg = AppStore|iPhone
		{C6D3C26C-DAC9-4864-845D-88FD409F1A16}.AppStore|iPhone.Build.0 = AppStore|iPhone
		{C6D3C26C-DAC9-4864-845D-88FD409F1A16}.AppStore|iPhone.Deploy.0 = AppStore|iPhone
		{C6D3C26C-DAC9-4864-845D-88FD409F1A16}.AppStore|iPhoneSimulator.ActiveCfg = AppStore|iPhoneSimulator
		{C6D3C26C-DAC9-4864-845D-88FD409F1A16}.AppStore|iPhoneSimulator.Build.0 = AppStore|iPhoneSimulator
		{C6D3C26C-DAC9-4864-845D-88FD409F1A16}.AppStore|iPhoneSimulator.Deploy.0 = AppStore|iPhoneSimulator
		{C6D3C26C-DAC9-4864-845D-88FD409F1A16}.AppStore|x64.ActiveCfg = AppStore|iPhone
		{C6D3C26C-DAC9-4864-845D-88FD409F1A16}.AppStore|x64.Build.0 = AppStore|iPhone
		{C6D3C26C-DAC9-4864-845D-88FD409F1A16}.AppStore|x64.Deploy.0 = AppStore|iPhone
		{C6D3C26C-DAC9-4864-845D-88FD409F1A16}.AppStore|x86.ActiveCfg = AppStore|iPhone
		{C6D3C26C-DAC9-4864-845D-88FD409F1A16}.AppStore|x86.Build.0 = AppStore|iPhone
		{C6D3C26C-DAC9-4864-845D-88FD409F1A16}.AppStore|x86.Deploy.0 = AppStore|iPhone
		{C6D3C26C-DAC9-4864-845D-88FD409F1A16}.Debug|Any CPU.ActiveCfg = Debug|iPhoneSimulator
		{C6D3C26C-DAC9-4864-845D-88FD409F1A16}.Debug|Any CPU.Build.0 = Debug|iPhoneSimulator
		{C6D3C26C-DAC9-4864-845D-88FD409F1A16}.Debug|Any CPU.Deploy.0 = Debug|iPhoneSimulator
		{C6D3C26C-DAC9-4864-845D-88FD409F1A16}.Debug|ARM.ActiveCfg = Debug|iPhone
		{C6D3C26C-DAC9-4864-845D-88FD409F1A16}.Debug|ARM.Build.0 = Debug|iPhone
		{C6D3C26C-DAC9-4864-845D-88FD409F1A16}.Debug|ARM.Deploy.0 = Debug|iPhone
		{C6D3C26C-DAC9-4864-845D-88FD409F1A16}.Debug|iPhone.ActiveCfg = Debug|iPhone
		{C6D3C26C-DAC9-4864-845D-88FD409F1A16}.Debug|iPhone.Build.0 = Debug|iPhone
		{C6D3C26C-DAC9-4864-845D-88FD409F1A16}.Debug|iPhone.Deploy.0 = Debug|iPhone
		{C6D3C26C-DAC9-4864-845D-88FD409F1A16}.Debug|iPhoneSimulator.ActiveCfg = Debug|iPhoneSimulator
		{C6D3C26C-DAC9-4864-845D-88FD409F1A16}.Debug|iPhoneSimulator.Build.0 = Debug|iPhoneSimulator
		{C6D3C26C-DAC9-4864-845D-88FD409F1A16}.Debug|iPhoneSimulator.Deploy.0 = Debug|iPhoneSimulator
		{C6D3C26C-DAC9-4864-845D-88FD409F1A16}.Debug|x64.ActiveCfg = Debug|iPhone
		{C6D3C26C-DAC9-4864-845D-88FD409F1A16}.Debug|x64.Build.0 = Debug|iPhone
		{C6D3C26C-DAC9-4864-845D-88FD409F1A16}.Debug|x64.Deploy.0 = Debug|iPhone
		{C6D3C26C-DAC9-4864-845D-88FD409F1A16}.Debug|x86.ActiveCfg = Debug|iPhone
		{C6D3C26C-DAC9-4864-845D-88FD409F1A16}.Debug|x86.Build.0 = Debug|iPhone
		{C6D3C26C-DAC9-4864-845D-88FD409F1A16}.Debug|x86.Deploy.0 = Debug|iPhone
		{C6D3C26C-DAC9-4864-845D-88FD409F1A16}.Release|Any CPU.ActiveCfg = Release|iPhone
		{C6D3C26C-DAC9-4864-845D-88FD409F1A16}.Release|Any CPU.Build.0 = Release|iPhone
		{C6D3C26C-DAC9-4864-845D-88FD409F1A16}.Release|Any CPU.Deploy.0 = Release|iPhone
		{C6D3C26C-DAC9-4864-845D-88FD409F1A16}.Release|ARM.ActiveCfg = Release|iPhone
		{C6D3C26C-DAC9-4864-845D-88FD409F1A16}.Release|ARM.Build.0 = Release|iPhone
		{C6D3C26C-DAC9-4864-845D-88FD409F1A16}.Release|ARM.Deploy.0 = Release|iPhone
		{C6D3C26C-DAC9-4864-845D-88FD409F1A16}.Release|iPhone.ActiveCfg = Release|iPhone
		{C6D3C26C-DAC9-4864-845D-88FD409F1A16}.Release|iPhone.Build.0 = Release|iPhone
		{C6D3C26C-DAC9-4864-845D-88FD409F1A16}.Release|iPhone.Deploy.0 = Release|iPhone
		{C6D3C26C-DAC9-4864-845D-88FD409F1A16}.Release|iPhoneSimulator.ActiveCfg = Release|iPhoneSimulator
		{C6D3C26C-DAC9-4864-845D-88FD409F1A16}.Release|iPhoneSimulator.Build.0 = Release|iPhoneSimulator
		{C6D3C26C-DAC9-4864-845D-88FD409F1A16}.Release|iPhoneSimulator.Deploy.0 = Release|iPhoneSimulator
		{C6D3C26C-DAC9-4864-845D-88FD409F1A16}.Release|x64.ActiveCfg = Release|iPhone
		{C6D3C26C-DAC9-4864-845D-88FD409F1A16}.Release|x64.Build.0 = Release|iPhone
		{C6D3C26C-DAC9-4864-845D-88FD409F1A16}.Release|x64.Deploy.0 = Release|iPhone
		{C6D3C26C-DAC9-4864-845D-88FD409F1A16}.Release|x86.ActiveCfg = Release|iPhone
		{C6D3C26C-DAC9-4864-845D-88FD409F1A16}.Release|x86.Build.0 = Release|iPhone
		{C6D3C26C-DAC9-4864-845D-88FD409F1A16}.Release|x86.Deploy.0 = Release|iPhone
		{B9A2DEDA-3E58-48CE-970D-C0DBA6E57C6E}.Ad-Hoc|Any CPU.ActiveCfg = Release|x86
		{B9A2DEDA-3E58-48CE-970D-C0DBA6E57C6E}.Ad-Hoc|Any CPU.Build.0 = Release|x86
		{B9A2DEDA-3E58-48CE-970D-C0DBA6E57C6E}.Ad-Hoc|Any CPU.Deploy.0 = Release|x86
		{B9A2DEDA-3E58-48CE-970D-C0DBA6E57C6E}.Ad-Hoc|ARM.ActiveCfg = Release|ARM
		{B9A2DEDA-3E58-48CE-970D-C0DBA6E57C6E}.Ad-Hoc|ARM.Build.0 = Release|ARM
		{B9A2DEDA-3E58-48CE-970D-C0DBA6E57C6E}.Ad-Hoc|ARM.Deploy.0 = Release|ARM
		{B9A2DEDA-3E58-48CE-970D-C0DBA6E57C6E}.Ad-Hoc|iPhone.ActiveCfg = Release|x86
		{B9A2DEDA-3E58-48CE-970D-C0DBA6E57C6E}.Ad-Hoc|iPhone.Build.0 = Release|x86
		{B9A2DEDA-3E58-48CE-970D-C0DBA6E57C6E}.Ad-Hoc|iPhone.Deploy.0 = Release|x86
		{B9A2DEDA-3E58-48CE-970D-C0DBA6E57C6E}.Ad-Hoc|iPhoneSimulator.ActiveCfg = Release|x86
		{B9A2DEDA-3E58-48CE-970D-C0DBA6E57C6E}.Ad-Hoc|iPhoneSimulator.Build.0 = Release|x86
		{B9A2DEDA-3E58-48CE-970D-C0DBA6E57C6E}.Ad-Hoc|iPhoneSimulator.Deploy.0 = Release|x86
		{B9A2DEDA-3E58-48CE-970D-C0DBA6E57C6E}.Ad-Hoc|x64.ActiveCfg = Release|x64
		{B9A2DEDA-3E58-48CE-970D-C0DBA6E57C6E}.Ad-Hoc|x64.Build.0 = Release|x64
		{B9A2DEDA-3E58-48CE-970D-C0DBA6E57C6E}.Ad-Hoc|x64.Deploy.0 = Release|x64
		{B9A2DEDA-3E58-48CE-970D-C0DBA6E57C6E}.Ad-Hoc|x86.ActiveCfg = Release|x86
		{B9A2DEDA-3E58-48CE-970D-C0DBA6E57C6E}.Ad-Hoc|x86.Build.0 = Release|x86
		{B9A2DEDA-3E58-48CE-970D-C0DBA6E57C6E}.Ad-Hoc|x86.Deploy.0 = Release|x86
		{B9A2DEDA-3E58-48CE-970D-C0DBA6E57C6E}.AppStore|Any CPU.ActiveCfg = Release|x86
		{B9A2DEDA-3E58-48CE-970D-C0DBA6E57C6E}.AppStore|Any CPU.Build.0 = Release|x86
		{B9A2DEDA-3E58-48CE-970D-C0DBA6E57C6E}.AppStore|Any CPU.Deploy.0 = Release|x86
		{B9A2DEDA-3E58-48CE-970D-C0DBA6E57C6E}.AppStore|ARM.ActiveCfg = Release|ARM
		{B9A2DEDA-3E58-48CE-970D-C0DBA6E57C6E}.AppStore|ARM.Build.0 = Release|ARM
		{B9A2DEDA-3E58-48CE-970D-C0DBA6E57C6E}.AppStore|ARM.Deploy.0 = Release|ARM
		{B9A2DEDA-3E58-48CE-970D-C0DBA6E57C6E}.AppStore|iPhone.ActiveCfg = Release|x86
		{B9A2DEDA-3E58-48CE-970D-C0DBA6E57C6E}.AppStore|iPhone.Build.0 = Release|x86
		{B9A2DEDA-3E58-48CE-970D-C0DBA6E57C6E}.AppStore|iPhone.Deploy.0 = Release|x86
		{B9A2DEDA-3E58-48CE-970D-C0DBA6E57C6E}.AppStore|iPhoneSimulator.ActiveCfg = Release|x86
		{B9A2DEDA-3E58-48CE-970D-C0DBA6E57C6E}.AppStore|iPhoneSimulator.Build.0 = Release|x86
		{B9A2DEDA-3E58-48CE-970D-C0DBA6E57C6E}.AppStore|iPhoneSimulator.Deploy.0 = Release|x86
		{B9A2DEDA-3E58-48CE-970D-C0DBA6E57C6E}.AppStore|x64.ActiveCfg = Release|x64
		{B9A2DEDA-3E58-48CE-970D-C0DBA6E57C6E}.AppStore|x64.Build.0 = Release|x64
		{B9A2DEDA-3E58-48CE-970D-C0DBA6E57C6E}.AppStore|x64.Deploy.0 = Release|x64
		{B9A2DEDA-3E58-48CE-970D-C0DBA6E57C6E}.AppStore|x86.ActiveCfg = Release|x86
		{B9A2DEDA-3E58-48CE-970D-C0DBA6E57C6E}.AppStore|x86.Build.0 = Release|x86
		{B9A2DEDA-3E58-48CE-970D-C0DBA6E57C6E}.AppStore|x86.Deploy.0 = Release|x86
		{B9A2DEDA-3E58-48CE-970D-C0DBA6E57C6E}.Debug|Any CPU.ActiveCfg = Debug|x86
		{B9A2DEDA-3E58-48CE-970D-C0DBA6E57C6E}.Debug|Any CPU.Build.0 = Debug|x86
		{B9A2DEDA-3E58-48CE-970D-C0DBA6E57C6E}.Debug|Any CPU.Deploy.0 = Debug|x86
		{B9A2DEDA-3E58-48CE-970D-C0DBA6E57C6E}.Debug|ARM.ActiveCfg = Debug|ARM
		{B9A2DEDA-3E58-48CE-970D-C0DBA6E57C6E}.Debug|ARM.Build.0 = Debug|ARM
		{B9A2DEDA-3E58-48CE-970D-C0DBA6E57C6E}.Debug|ARM.Deploy.0 = Debug|ARM
		{B9A2DEDA-3E58-48CE-970D-C0DBA6E57C6E}.Debug|iPhone.ActiveCfg = Debug|x86
		{B9A2DEDA-3E58-48CE-970D-C0DBA6E57C6E}.Debug|iPhone.Build.0 = Debug|x86
		{B9A2DEDA-3E58-48CE-970D-C0DBA6E57C6E}.Debug|iPhone.Deploy.0 = Debug|x86
		{B9A2DEDA-3E58-48CE-970D-C0DBA6E57C6E}.Debug|iPhoneSimulator.ActiveCfg = Debug|x86
		{B9A2DEDA-3E58-48CE-970D-C0DBA6E57C6E}.Debug|iPhoneSimulator.Build.0 = Debug|x86
		{B9A2DEDA-3E58-48CE-970D-C0DBA6E57C6E}.Debug|iPhoneSimulator.Deploy.0 = Debug|x86
		{B9A2DEDA-3E58-48CE-970D-C0DBA6E57C6E}.Debug|x64.ActiveCfg = Debug|x64
		{B9A2DEDA-3E58-48CE-970D-C0DBA6E57C6E}.Debug|x64.Build.0 = Debug|x64
		{B9A2DEDA-3E58-48CE-970D-C0DBA6E57C6E}.Debug|x64.Deploy.0 = Debug|x64
		{B9A2DEDA-3E58-48CE-970D-C0DBA6E57C6E}.Debug|x86.ActiveCfg = Debug|x86
		{B9A2DEDA-3E58-48CE-970D-C0DBA6E57C6E}.Debug|x86.Build.0 = Debug|x86
		{B9A2DEDA-3E58-48CE-970D-C0DBA6E57C6E}.Debug|x86.Deploy.0 = Debug|x86
		{B9A2DEDA-3E58-48CE-970D-C0DBA6E57C6E}.Release|Any CPU.ActiveCfg = Release|x86
		{B9A2DEDA-3E58-48CE-970D-C0DBA6E57C6E}.Release|Any CPU.Build.0 = Release|x86
		{B9A2DEDA-3E58-48CE-970D-C0DBA6E57C6E}.Release|Any CPU.Deploy.0 = Release|x86
		{B9A2DEDA-3E58-48CE-970D-C0DBA6E57C6E}.Release|ARM.ActiveCfg = Release|ARM
		{B9A2DEDA-3E58-48CE-970D-C0DBA6E57C6E}.Release|ARM.Build.0 = Release|ARM
		{B9A2DEDA-3E58-48CE-970D-C0DBA6E57C6E}.Release|ARM.Deploy.0 = Release|ARM
		{B9A2DEDA-3E58-48CE-970D-C0DBA6E57C6E}.Release|iPhone.ActiveCfg = Release|x86
		{B9A2DEDA-3E58-48CE-970D-C0DBA6E57C6E}.Release|iPhone.Build.0 = Release|x86
		{B9A2DEDA-3E58-48CE-970D-C0DBA6E57C6E}.Release|iPhone.Deploy.0 = Release|x86
		{B9A2DEDA-3E58-48CE-970D-C0DBA6E57C6E}.Release|iPhoneSimulator.ActiveCfg = Release|x86
		{B9A2DEDA-3E58-48CE-970D-C0DBA6E57C6E}.Release|iPhoneSimulator.Build.0 = Release|x86
		{B9A2DEDA-3E58-48CE-970D-C0DBA6E57C6E}.Release|iPhoneSimulator.Deploy.0 = Release|x86
		{B9A2DEDA-3E58-48CE-970D-C0DBA6E57C6E}.Release|x64.ActiveCfg = Release|x64
		{B9A2DEDA-3E58-48CE-970D-C0DBA6E57C6E}.Release|x64.Build.0 = Release|x64
		{B9A2DEDA-3E58-48CE-970D-C0DBA6E57C6E}.Release|x64.Deploy.0 = Release|x64
		{B9A2DEDA-3E58-48CE-970D-C0DBA6E57C6E}.Release|x86.ActiveCfg = Release|x86
		{B9A2DEDA-3E58-48CE-970D-C0DBA6E57C6E}.Release|x86.Build.0 = Release|x86
		{B9A2DEDA-3E58-48CE-970D-C0DBA6E57C6E}.Release|x86.Deploy.0 = Release|x86
		{6AB9A3AB-53DC-48C8-9BA4-0BC5369BDB6B}.Ad-Hoc|Any CPU.ActiveCfg = Debug|Any CPU
		{6AB9A3AB-53DC-48C8-9BA4-0BC5369BDB6B}.Ad-Hoc|Any CPU.Build.0 = Debug|Any CPU
		{6AB9A3AB-53DC-48C8-9BA4-0BC5369BDB6B}.Ad-Hoc|Any CPU.Deploy.0 = Debug|Any CPU
		{6AB9A3AB-53DC-48C8-9BA4-0BC5369BDB6B}.Ad-Hoc|ARM.ActiveCfg = Debug|Any CPU
		{6AB9A3AB-53DC-48C8-9BA4-0BC5369BDB6B}.Ad-Hoc|ARM.Build.0 = Debug|Any CPU
		{6AB9A3AB-53DC-48C8-9BA4-0BC5369BDB6B}.Ad-Hoc|ARM.Deploy.0 = Debug|Any CPU
		{6AB9A3AB-53DC-48C8-9BA4-0BC5369BDB6B}.Ad-Hoc|iPhone.ActiveCfg = Debug|Any CPU
		{6AB9A3AB-53DC-48C8-9BA4-0BC5369BDB6B}.Ad-Hoc|iPhone.Build.0 = Debug|Any CPU
		{6AB9A3AB-53DC-48C8-9BA4-0BC5369BDB6B}.Ad-Hoc|iPhone.Deploy.0 = Debug|Any CPU
		{6AB9A3AB-53DC-48C8-9BA4-0BC5369BDB6B}.Ad-Hoc|iPhoneSimulator.ActiveCfg = Debug|Any CPU
		{6AB9A3AB-53DC-48C8-9BA4-0BC5369BDB6B}.Ad-Hoc|iPhoneSimulator.Build.0 = Debug|Any CPU
		{6AB9A3AB-53DC-48C8-9BA4-0BC5369BDB6B}.Ad-Hoc|iPhoneSimulator.Deploy.0 = Debug|Any CPU
		{6AB9A3AB-53DC-48C8-9BA4-0BC5369BDB6B}.Ad-Hoc|x64.ActiveCfg = Debug|Any CPU
		{6AB9A3AB-53DC-48C8-9BA4-0BC5369BDB6B}.Ad-Hoc|x64.Build.0 = Debug|Any CPU
		{6AB9A3AB-53DC-48C8-9BA4-0BC5369BDB6B}.Ad-Hoc|x64.Deploy.0 = Debug|Any CPU
		{6AB9A3AB-53DC-48C8-9BA4-0BC5369BDB6B}.Ad-Hoc|x86.ActiveCfg = Debug|Any CPU
		{6AB9A3AB-53DC-48C8-9BA4-0BC5369BDB6B}.Ad-Hoc|x86.Build.0 = Debug|Any CPU
		{6AB9A3AB-53DC-48C8-9BA4-0BC5369BDB6B}.Ad-Hoc|x86.Deploy.0 = Debug|Any CPU
		{6AB9A3AB-53DC-48C8-9BA4-0BC5369BDB6B}.AppStore|Any CPU.ActiveCfg = Debug|Any CPU
		{6AB9A3AB-53DC-48C8-9BA4-0BC5369BDB6B}.AppStore|Any CPU.Build.0 = Debug|Any CPU
		{6AB9A3AB-53DC-48C8-9BA4-0BC5369BDB6B}.AppStore|Any CPU.Deploy.0 = Debug|Any CPU
		{6AB9A3AB-53DC-48C8-9BA4-0BC5369BDB6B}.AppStore|ARM.ActiveCfg = Debug|Any CPU
		{6AB9A3AB-53DC-48C8-9BA4-0BC5369BDB6B}.AppStore|ARM.Build.0 = Debug|Any CPU
		{6AB9A3AB-53DC-48C8-9BA4-0BC5369BDB6B}.AppStore|ARM.Deploy.0 = Debug|Any CPU
		{6AB9A3AB-53DC-48C8-9BA4-0BC5369BDB6B}.AppStore|iPhone.ActiveCfg = Debug|Any CPU
		{6AB9A3AB-53DC-48C8-9BA4-0BC5369BDB6B}.AppStore|iPhone.Build.0 = Debug|Any CPU
		{6AB9A3AB-53DC-48C8-9BA4-0BC5369BDB6B}.AppStore|iPhone.Deploy.0 = Debug|Any CPU
		{6AB9A3AB-53DC-48C8-9BA4-0BC5369BDB6B}.AppStore|iPhoneSimulator.ActiveCfg = Debug|Any CPU
		{6AB9A3AB-53DC-48C8-9BA4-0BC5369BDB6B}.AppStore|iPhoneSimulator.Build.0 = Debug|Any CPU
		{6AB9A3AB-53DC-48C8-9BA4-0BC5369BDB6B}.AppStore|iPhoneSimulator.Deploy.0 = Debug|Any CPU
		{6AB9A3AB-53DC-48C8-9BA4-0BC5369BDB6B}.AppStore|x64.ActiveCfg = Debug|Any CPU
		{6AB9A3AB-53DC-48C8-9BA4-0BC5369BDB6B}.AppStore|x64.Build.0 = Debug|Any CPU
		{6AB9A3AB-53DC-48C8-9BA4-0BC5369BDB6B}.AppStore|x64.Deploy.0 = Debug|Any CPU
		{6AB9A3AB-53DC-48C8-9BA4-0BC5369BDB6B}.AppStore|x86.ActiveCfg = Debug|Any CPU
		{6AB9A3AB-53DC-48C8-9BA4-0BC5369BDB6B}.AppStore|x86.Build.0 = Debug|Any CPU
		{6AB9A3AB-53DC-48C8-9BA4-0BC5369BDB6B}.AppStore|x86.Deploy.0 = Debug|Any CPU
		{6AB9A3AB-53DC-48C8-9BA4-0BC5369BDB6B}.Debug|Any CPU.ActiveCfg = Debug|Any CPU
		{6AB9A3AB-53DC-48C8-9BA4-0BC5369BDB6B}.Debug|Any CPU.Build.0 = Debug|Any CPU
		{6AB9A3AB-53DC-48C8-9BA4-0BC5369BDB6B}.Debug|Any CPU.Deploy.0 = Debug|Any CPU
		{6AB9A3AB-53DC-48C8-9BA4-0BC5369BDB6B}.Debug|ARM.ActiveCfg = Debug|Any CPU
		{6AB9A3AB-53DC-48C8-9BA4-0BC5369BDB6B}.Debug|ARM.Build.0 = Debug|Any CPU
		{6AB9A3AB-53DC-48C8-9BA4-0BC5369BDB6B}.Debug|ARM.Deploy.0 = Debug|Any CPU
		{6AB9A3AB-53DC-48C8-9BA4-0BC5369BDB6B}.Debug|iPhone.ActiveCfg = Debug|Any CPU
		{6AB9A3AB-53DC-48C8-9BA4-0BC5369BDB6B}.Debug|iPhone.Build.0 = Debug|Any CPU
		{6AB9A3AB-53DC-48C8-9BA4-0BC5369BDB6B}.Debug|iPhone.Deploy.0 = Debug|Any CPU
		{6AB9A3AB-53DC-48C8-9BA4-0BC5369BDB6B}.Debug|iPhoneSimulator.ActiveCfg = Debug|Any CPU
		{6AB9A3AB-53DC-48C8-9BA4-0BC5369BDB6B}.Debug|iPhoneSimulator.Build.0 = Debug|Any CPU
		{6AB9A3AB-53DC-48C8-9BA4-0BC5369BDB6B}.Debug|iPhoneSimulator.Deploy.0 = Debug|Any CPU
		{6AB9A3AB-53DC-48C8-9BA4-0BC5369BDB6B}.Debug|x64.ActiveCfg = Debug|Any CPU
		{6AB9A3AB-53DC-48C8-9BA4-0BC5369BDB6B}.Debug|x64.Build.0 = Debug|Any CPU
		{6AB9A3AB-53DC-48C8-9BA4-0BC5369BDB6B}.Debug|x64.Deploy.0 = Debug|Any CPU
		{6AB9A3AB-53DC-48C8-9BA4-0BC5369BDB6B}.Debug|x86.ActiveCfg = Debug|Any CPU
		{6AB9A3AB-53DC-48C8-9BA4-0BC5369BDB6B}.Debug|x86.Build.0 = Debug|Any CPU
		{6AB9A3AB-53DC-48C8-9BA4-0BC5369BDB6B}.Debug|x86.Deploy.0 = Debug|Any CPU
		{6AB9A3AB-53DC-48C8-9BA4-0BC5369BDB6B}.Release|Any CPU.ActiveCfg = Release|Any CPU
		{6AB9A3AB-53DC-48C8-9BA4-0BC5369BDB6B}.Release|Any CPU.Build.0 = Release|Any CPU
		{6AB9A3AB-53DC-48C8-9BA4-0BC5369BDB6B}.Release|Any CPU.Deploy.0 = Release|Any CPU
		{6AB9A3AB-53DC-48C8-9BA4-0BC5369BDB6B}.Release|ARM.ActiveCfg = Release|Any CPU
		{6AB9A3AB-53DC-48C8-9BA4-0BC5369BDB6B}.Release|ARM.Build.0 = Release|Any CPU
		{6AB9A3AB-53DC-48C8-9BA4-0BC5369BDB6B}.Release|ARM.Deploy.0 = Release|Any CPU
		{6AB9A3AB-53DC-48C8-9BA4-0BC5369BDB6B}.Release|iPhone.ActiveCfg = Release|Any CPU
		{6AB9A3AB-53DC-48C8-9BA4-0BC5369BDB6B}.Release|iPhone.Build.0 = Release|Any CPU
		{6AB9A3AB-53DC-48C8-9BA4-0BC5369BDB6B}.Release|iPhone.Deploy.0 = Release|Any CPU
		{6AB9A3AB-53DC-48C8-9BA4-0BC5369BDB6B}.Release|iPhoneSimulator.ActiveCfg = Release|Any CPU
		{6AB9A3AB-53DC-48C8-9BA4-0BC5369BDB6B}.Release|iPhoneSimulator.Build.0 = Release|Any CPU
		{6AB9A3AB-53DC-48C8-9BA4-0BC5369BDB6B}.Release|iPhoneSimulator.Deploy.0 = Release|Any CPU
		{6AB9A3AB-53DC-48C8-9BA4-0BC5369BDB6B}.Release|x64.ActiveCfg = Release|Any CPU
		{6AB9A3AB-53DC-48C8-9BA4-0BC5369BDB6B}.Release|x64.Build.0 = Release|Any CPU
		{6AB9A3AB-53DC-48C8-9BA4-0BC5369BDB6B}.Release|x64.Deploy.0 = Release|Any CPU
		{6AB9A3AB-53DC-48C8-9BA4-0BC5369BDB6B}.Release|x86.ActiveCfg = Release|Any CPU
		{6AB9A3AB-53DC-48C8-9BA4-0BC5369BDB6B}.Release|x86.Build.0 = Release|Any CPU
		{6AB9A3AB-53DC-48C8-9BA4-0BC5369BDB6B}.Release|x86.Deploy.0 = Release|Any CPU
		{3F56BC57-ECF3-4AB3-B279-992C6125C784}.Ad-Hoc|Any CPU.ActiveCfg = Release|Any CPU
		{3F56BC57-ECF3-4AB3-B279-992C6125C784}.Ad-Hoc|Any CPU.Build.0 = Release|Any CPU
		{3F56BC57-ECF3-4AB3-B279-992C6125C784}.Ad-Hoc|ARM.ActiveCfg = Release|Any CPU
		{3F56BC57-ECF3-4AB3-B279-992C6125C784}.Ad-Hoc|ARM.Build.0 = Release|Any CPU
		{3F56BC57-ECF3-4AB3-B279-992C6125C784}.Ad-Hoc|iPhone.ActiveCfg = Release|Any CPU
		{3F56BC57-ECF3-4AB3-B279-992C6125C784}.Ad-Hoc|iPhone.Build.0 = Release|Any CPU
		{3F56BC57-ECF3-4AB3-B279-992C6125C784}.Ad-Hoc|iPhoneSimulator.ActiveCfg = Release|Any CPU
		{3F56BC57-ECF3-4AB3-B279-992C6125C784}.Ad-Hoc|iPhoneSimulator.Build.0 = Release|Any CPU
		{3F56BC57-ECF3-4AB3-B279-992C6125C784}.Ad-Hoc|x64.ActiveCfg = Release|Any CPU
		{3F56BC57-ECF3-4AB3-B279-992C6125C784}.Ad-Hoc|x64.Build.0 = Release|Any CPU
		{3F56BC57-ECF3-4AB3-B279-992C6125C784}.Ad-Hoc|x86.ActiveCfg = Release|Any CPU
		{3F56BC57-ECF3-4AB3-B279-992C6125C784}.Ad-Hoc|x86.Build.0 = Release|Any CPU
		{3F56BC57-ECF3-4AB3-B279-992C6125C784}.AppStore|Any CPU.ActiveCfg = Release|Any CPU
		{3F56BC57-ECF3-4AB3-B279-992C6125C784}.AppStore|Any CPU.Build.0 = Release|Any CPU
		{3F56BC57-ECF3-4AB3-B279-992C6125C784}.AppStore|ARM.ActiveCfg = Release|Any CPU
		{3F56BC57-ECF3-4AB3-B279-992C6125C784}.AppStore|ARM.Build.0 = Release|Any CPU
		{3F56BC57-ECF3-4AB3-B279-992C6125C784}.AppStore|iPhone.ActiveCfg = Release|Any CPU
		{3F56BC57-ECF3-4AB3-B279-992C6125C784}.AppStore|iPhone.Build.0 = Release|Any CPU
		{3F56BC57-ECF3-4AB3-B279-992C6125C784}.AppStore|iPhoneSimulator.ActiveCfg = Release|Any CPU
		{3F56BC57-ECF3-4AB3-B279-992C6125C784}.AppStore|iPhoneSimulator.Build.0 = Release|Any CPU
		{3F56BC57-ECF3-4AB3-B279-992C6125C784}.AppStore|x64.ActiveCfg = Release|Any CPU
		{3F56BC57-ECF3-4AB3-B279-992C6125C784}.AppStore|x64.Build.0 = Release|Any CPU
		{3F56BC57-ECF3-4AB3-B279-992C6125C784}.AppStore|x86.ActiveCfg = Release|Any CPU
		{3F56BC57-ECF3-4AB3-B279-992C6125C784}.AppStore|x86.Build.0 = Release|Any CPU
		{3F56BC57-ECF3-4AB3-B279-992C6125C784}.Debug|Any CPU.ActiveCfg = Debug|Any CPU
		{3F56BC57-ECF3-4AB3-B279-992C6125C784}.Debug|Any CPU.Build.0 = Debug|Any CPU
		{3F56BC57-ECF3-4AB3-B279-992C6125C784}.Debug|ARM.ActiveCfg = Debug|Any CPU
		{3F56BC57-ECF3-4AB3-B279-992C6125C784}.Debug|ARM.Build.0 = Debug|Any CPU
		{3F56BC57-ECF3-4AB3-B279-992C6125C784}.Debug|iPhone.ActiveCfg = Debug|Any CPU
		{3F56BC57-ECF3-4AB3-B279-992C6125C784}.Debug|iPhone.Build.0 = Debug|Any CPU
		{3F56BC57-ECF3-4AB3-B279-992C6125C784}.Debug|iPhoneSimulator.ActiveCfg = Debug|Any CPU
		{3F56BC57-ECF3-4AB3-B279-992C6125C784}.Debug|iPhoneSimulator.Build.0 = Debug|Any CPU
		{3F56BC57-ECF3-4AB3-B279-992C6125C784}.Debug|x64.ActiveCfg = Debug|Any CPU
		{3F56BC57-ECF3-4AB3-B279-992C6125C784}.Debug|x64.Build.0 = Debug|Any CPU
		{3F56BC57-ECF3-4AB3-B279-992C6125C784}.Debug|x86.ActiveCfg = Debug|Any CPU
		{3F56BC57-ECF3-4AB3-B279-992C6125C784}.Debug|x86.Build.0 = Debug|Any CPU
		{3F56BC57-ECF3-4AB3-B279-992C6125C784}.Release|Any CPU.ActiveCfg = Release|Any CPU
		{3F56BC57-ECF3-4AB3-B279-992C6125C784}.Release|Any CPU.Build.0 = Release|Any CPU
		{3F56BC57-ECF3-4AB3-B279-992C6125C784}.Release|ARM.ActiveCfg = Release|Any CPU
		{3F56BC57-ECF3-4AB3-B279-992C6125C784}.Release|ARM.Build.0 = Release|Any CPU
		{3F56BC57-ECF3-4AB3-B279-992C6125C784}.Release|iPhone.ActiveCfg = Release|Any CPU
		{3F56BC57-ECF3-4AB3-B279-992C6125C784}.Release|iPhone.Build.0 = Release|Any CPU
		{3F56BC57-ECF3-4AB3-B279-992C6125C784}.Release|iPhoneSimulator.ActiveCfg = Release|Any CPU
		{3F56BC57-ECF3-4AB3-B279-992C6125C784}.Release|iPhoneSimulator.Build.0 = Release|Any CPU
		{3F56BC57-ECF3-4AB3-B279-992C6125C784}.Release|x64.ActiveCfg = Release|Any CPU
		{3F56BC57-ECF3-4AB3-B279-992C6125C784}.Release|x64.Build.0 = Release|Any CPU
		{3F56BC57-ECF3-4AB3-B279-992C6125C784}.Release|x86.ActiveCfg = Release|Any CPU
		{3F56BC57-ECF3-4AB3-B279-992C6125C784}.Release|x86.Build.0 = Release|Any CPU
		{4B375654-3613-4A35-BD83-3C8D9FFA95C5}.Ad-Hoc|Any CPU.ActiveCfg = Release|Any CPU
		{4B375654-3613-4A35-BD83-3C8D9FFA95C5}.Ad-Hoc|Any CPU.Build.0 = Release|Any CPU
		{4B375654-3613-4A35-BD83-3C8D9FFA95C5}.Ad-Hoc|ARM.ActiveCfg = Release|Any CPU
		{4B375654-3613-4A35-BD83-3C8D9FFA95C5}.Ad-Hoc|ARM.Build.0 = Release|Any CPU
		{4B375654-3613-4A35-BD83-3C8D9FFA95C5}.Ad-Hoc|iPhone.ActiveCfg = Release|Any CPU
		{4B375654-3613-4A35-BD83-3C8D9FFA95C5}.Ad-Hoc|iPhone.Build.0 = Release|Any CPU
		{4B375654-3613-4A35-BD83-3C8D9FFA95C5}.Ad-Hoc|iPhoneSimulator.ActiveCfg = Release|Any CPU
		{4B375654-3613-4A35-BD83-3C8D9FFA95C5}.Ad-Hoc|iPhoneSimulator.Build.0 = Release|Any CPU
		{4B375654-3613-4A35-BD83-3C8D9FFA95C5}.Ad-Hoc|x64.ActiveCfg = Release|Any CPU
		{4B375654-3613-4A35-BD83-3C8D9FFA95C5}.Ad-Hoc|x64.Build.0 = Release|Any CPU
		{4B375654-3613-4A35-BD83-3C8D9FFA95C5}.Ad-Hoc|x86.ActiveCfg = Release|Any CPU
		{4B375654-3613-4A35-BD83-3C8D9FFA95C5}.Ad-Hoc|x86.Build.0 = Release|Any CPU
		{4B375654-3613-4A35-BD83-3C8D9FFA95C5}.AppStore|Any CPU.ActiveCfg = Release|Any CPU
		{4B375654-3613-4A35-BD83-3C8D9FFA95C5}.AppStore|Any CPU.Build.0 = Release|Any CPU
		{4B375654-3613-4A35-BD83-3C8D9FFA95C5}.AppStore|ARM.ActiveCfg = Release|Any CPU
		{4B375654-3613-4A35-BD83-3C8D9FFA95C5}.AppStore|ARM.Build.0 = Release|Any CPU
		{4B375654-3613-4A35-BD83-3C8D9FFA95C5}.AppStore|iPhone.ActiveCfg = Release|Any CPU
		{4B375654-3613-4A35-BD83-3C8D9FFA95C5}.AppStore|iPhone.Build.0 = Release|Any CPU
		{4B375654-3613-4A35-BD83-3C8D9FFA95C5}.AppStore|iPhoneSimulator.ActiveCfg = Release|Any CPU
		{4B375654-3613-4A35-BD83-3C8D9FFA95C5}.AppStore|iPhoneSimulator.Build.0 = Release|Any CPU
		{4B375654-3613-4A35-BD83-3C8D9FFA95C5}.AppStore|x64.ActiveCfg = Release|Any CPU
		{4B375654-3613-4A35-BD83-3C8D9FFA95C5}.AppStore|x64.Build.0 = Release|Any CPU
		{4B375654-3613-4A35-BD83-3C8D9FFA95C5}.AppStore|x86.ActiveCfg = Release|Any CPU
		{4B375654-3613-4A35-BD83-3C8D9FFA95C5}.AppStore|x86.Build.0 = Release|Any CPU
		{4B375654-3613-4A35-BD83-3C8D9FFA95C5}.Debug|Any CPU.ActiveCfg = Debug|Any CPU
		{4B375654-3613-4A35-BD83-3C8D9FFA95C5}.Debug|Any CPU.Build.0 = Debug|Any CPU
		{4B375654-3613-4A35-BD83-3C8D9FFA95C5}.Debug|ARM.ActiveCfg = Debug|Any CPU
		{4B375654-3613-4A35-BD83-3C8D9FFA95C5}.Debug|ARM.Build.0 = Debug|Any CPU
		{4B375654-3613-4A35-BD83-3C8D9FFA95C5}.Debug|iPhone.ActiveCfg = Debug|Any CPU
		{4B375654-3613-4A35-BD83-3C8D9FFA95C5}.Debug|iPhone.Build.0 = Debug|Any CPU
		{4B375654-3613-4A35-BD83-3C8D9FFA95C5}.Debug|iPhoneSimulator.ActiveCfg = Debug|Any CPU
		{4B375654-3613-4A35-BD83-3C8D9FFA95C5}.Debug|iPhoneSimulator.Build.0 = Debug|Any CPU
		{4B375654-3613-4A35-BD83-3C8D9FFA95C5}.Debug|x64.ActiveCfg = Debug|Any CPU
		{4B375654-3613-4A35-BD83-3C8D9FFA95C5}.Debug|x64.Build.0 = Debug|Any CPU
		{4B375654-3613-4A35-BD83-3C8D9FFA95C5}.Debug|x86.ActiveCfg = Debug|Any CPU
		{4B375654-3613-4A35-BD83-3C8D9FFA95C5}.Debug|x86.Build.0 = Debug|Any CPU
		{4B375654-3613-4A35-BD83-3C8D9FFA95C5}.Release|Any CPU.ActiveCfg = Release|Any CPU
		{4B375654-3613-4A35-BD83-3C8D9FFA95C5}.Release|Any CPU.Build.0 = Release|Any CPU
		{4B375654-3613-4A35-BD83-3C8D9FFA95C5}.Release|ARM.ActiveCfg = Release|Any CPU
		{4B375654-3613-4A35-BD83-3C8D9FFA95C5}.Release|ARM.Build.0 = Release|Any CPU
		{4B375654-3613-4A35-BD83-3C8D9FFA95C5}.Release|iPhone.ActiveCfg = Release|Any CPU
		{4B375654-3613-4A35-BD83-3C8D9FFA95C5}.Release|iPhone.Build.0 = Release|Any CPU
		{4B375654-3613-4A35-BD83-3C8D9FFA95C5}.Release|iPhoneSimulator.ActiveCfg = Release|Any CPU
		{4B375654-3613-4A35-BD83-3C8D9FFA95C5}.Release|iPhoneSimulator.Build.0 = Release|Any CPU
		{4B375654-3613-4A35-BD83-3C8D9FFA95C5}.Release|x64.ActiveCfg = Release|Any CPU
		{4B375654-3613-4A35-BD83-3C8D9FFA95C5}.Release|x64.Build.0 = Release|Any CPU
		{4B375654-3613-4A35-BD83-3C8D9FFA95C5}.Release|x86.ActiveCfg = Release|Any CPU
		{4B375654-3613-4A35-BD83-3C8D9FFA95C5}.Release|x86.Build.0 = Release|Any CPU
		{8A6E4975-54E7-44D4-93DB-0E253DDEDC57}.Ad-Hoc|Any CPU.ActiveCfg = Release|Any CPU
		{8A6E4975-54E7-44D4-93DB-0E253DDEDC57}.Ad-Hoc|Any CPU.Build.0 = Release|Any CPU
		{8A6E4975-54E7-44D4-93DB-0E253DDEDC57}.Ad-Hoc|ARM.ActiveCfg = Release|Any CPU
		{8A6E4975-54E7-44D4-93DB-0E253DDEDC57}.Ad-Hoc|ARM.Build.0 = Release|Any CPU
		{8A6E4975-54E7-44D4-93DB-0E253DDEDC57}.Ad-Hoc|iPhone.ActiveCfg = Release|Any CPU
		{8A6E4975-54E7-44D4-93DB-0E253DDEDC57}.Ad-Hoc|iPhone.Build.0 = Release|Any CPU
		{8A6E4975-54E7-44D4-93DB-0E253DDEDC57}.Ad-Hoc|iPhoneSimulator.ActiveCfg = Release|Any CPU
		{8A6E4975-54E7-44D4-93DB-0E253DDEDC57}.Ad-Hoc|iPhoneSimulator.Build.0 = Release|Any CPU
		{8A6E4975-54E7-44D4-93DB-0E253DDEDC57}.Ad-Hoc|x64.ActiveCfg = Release|Any CPU
		{8A6E4975-54E7-44D4-93DB-0E253DDEDC57}.Ad-Hoc|x64.Build.0 = Release|Any CPU
		{8A6E4975-54E7-44D4-93DB-0E253DDEDC57}.Ad-Hoc|x86.ActiveCfg = Release|Any CPU
		{8A6E4975-54E7-44D4-93DB-0E253DDEDC57}.Ad-Hoc|x86.Build.0 = Release|Any CPU
		{8A6E4975-54E7-44D4-93DB-0E253DDEDC57}.AppStore|Any CPU.ActiveCfg = Release|Any CPU
		{8A6E4975-54E7-44D4-93DB-0E253DDEDC57}.AppStore|Any CPU.Build.0 = Release|Any CPU
		{8A6E4975-54E7-44D4-93DB-0E253DDEDC57}.AppStore|ARM.ActiveCfg = Release|Any CPU
		{8A6E4975-54E7-44D4-93DB-0E253DDEDC57}.AppStore|ARM.Build.0 = Release|Any CPU
		{8A6E4975-54E7-44D4-93DB-0E253DDEDC57}.AppStore|iPhone.ActiveCfg = Release|Any CPU
		{8A6E4975-54E7-44D4-93DB-0E253DDEDC57}.AppStore|iPhone.Build.0 = Release|Any CPU
		{8A6E4975-54E7-44D4-93DB-0E253DDEDC57}.AppStore|iPhoneSimulator.ActiveCfg = Release|Any CPU
		{8A6E4975-54E7-44D4-93DB-0E253DDEDC57}.AppStore|iPhoneSimulator.Build.0 = Release|Any CPU
		{8A6E4975-54E7-44D4-93DB-0E253DDEDC57}.AppStore|x64.ActiveCfg = Release|Any CPU
		{8A6E4975-54E7-44D4-93DB-0E253DDEDC57}.AppStore|x64.Build.0 = Release|Any CPU
		{8A6E4975-54E7-44D4-93DB-0E253DDEDC57}.AppStore|x86.ActiveCfg = Release|Any CPU
		{8A6E4975-54E7-44D4-93DB-0E253DDEDC57}.AppStore|x86.Build.0 = Release|Any CPU
		{8A6E4975-54E7-44D4-93DB-0E253DDEDC57}.Debug|Any CPU.ActiveCfg = Debug|Any CPU
		{8A6E4975-54E7-44D4-93DB-0E253DDEDC57}.Debug|Any CPU.Build.0 = Debug|Any CPU
		{8A6E4975-54E7-44D4-93DB-0E253DDEDC57}.Debug|ARM.ActiveCfg = Debug|Any CPU
		{8A6E4975-54E7-44D4-93DB-0E253DDEDC57}.Debug|ARM.Build.0 = Debug|Any CPU
		{8A6E4975-54E7-44D4-93DB-0E253DDEDC57}.Debug|iPhone.ActiveCfg = Debug|Any CPU
		{8A6E4975-54E7-44D4-93DB-0E253DDEDC57}.Debug|iPhone.Build.0 = Debug|Any CPU
		{8A6E4975-54E7-44D4-93DB-0E253DDEDC57}.Debug|iPhoneSimulator.ActiveCfg = Debug|Any CPU
		{8A6E4975-54E7-44D4-93DB-0E253DDEDC57}.Debug|iPhoneSimulator.Build.0 = Debug|Any CPU
		{8A6E4975-54E7-44D4-93DB-0E253DDEDC57}.Debug|x64.ActiveCfg = Debug|Any CPU
		{8A6E4975-54E7-44D4-93DB-0E253DDEDC57}.Debug|x64.Build.0 = Debug|Any CPU
		{8A6E4975-54E7-44D4-93DB-0E253DDEDC57}.Debug|x86.ActiveCfg = Debug|Any CPU
		{8A6E4975-54E7-44D4-93DB-0E253DDEDC57}.Debug|x86.Build.0 = Debug|Any CPU
		{8A6E4975-54E7-44D4-93DB-0E253DDEDC57}.Release|Any CPU.ActiveCfg = Release|Any CPU
		{8A6E4975-54E7-44D4-93DB-0E253DDEDC57}.Release|Any CPU.Build.0 = Release|Any CPU
		{8A6E4975-54E7-44D4-93DB-0E253DDEDC57}.Release|ARM.ActiveCfg = Release|Any CPU
		{8A6E4975-54E7-44D4-93DB-0E253DDEDC57}.Release|ARM.Build.0 = Release|Any CPU
		{8A6E4975-54E7-44D4-93DB-0E253DDEDC57}.Release|iPhone.ActiveCfg = Release|Any CPU
		{8A6E4975-54E7-44D4-93DB-0E253DDEDC57}.Release|iPhone.Build.0 = Release|Any CPU
		{8A6E4975-54E7-44D4-93DB-0E253DDEDC57}.Release|iPhoneSimulator.ActiveCfg = Release|Any CPU
		{8A6E4975-54E7-44D4-93DB-0E253DDEDC57}.Release|iPhoneSimulator.Build.0 = Release|Any CPU
		{8A6E4975-54E7-44D4-93DB-0E253DDEDC57}.Release|x64.ActiveCfg = Release|Any CPU
		{8A6E4975-54E7-44D4-93DB-0E253DDEDC57}.Release|x64.Build.0 = Release|Any CPU
		{8A6E4975-54E7-44D4-93DB-0E253DDEDC57}.Release|x86.ActiveCfg = Release|Any CPU
		{8A6E4975-54E7-44D4-93DB-0E253DDEDC57}.Release|x86.Build.0 = Release|Any CPU
		{C0D70484-B216-4830-897F-ED3AD5E121FA}.Ad-Hoc|Any CPU.ActiveCfg = Release|Any CPU
		{C0D70484-B216-4830-897F-ED3AD5E121FA}.Ad-Hoc|Any CPU.Build.0 = Release|Any CPU
		{C0D70484-B216-4830-897F-ED3AD5E121FA}.Ad-Hoc|ARM.ActiveCfg = Release|Any CPU
		{C0D70484-B216-4830-897F-ED3AD5E121FA}.Ad-Hoc|ARM.Build.0 = Release|Any CPU
		{C0D70484-B216-4830-897F-ED3AD5E121FA}.Ad-Hoc|iPhone.ActiveCfg = Release|Any CPU
		{C0D70484-B216-4830-897F-ED3AD5E121FA}.Ad-Hoc|iPhone.Build.0 = Release|Any CPU
		{C0D70484-B216-4830-897F-ED3AD5E121FA}.Ad-Hoc|iPhoneSimulator.ActiveCfg = Release|Any CPU
		{C0D70484-B216-4830-897F-ED3AD5E121FA}.Ad-Hoc|iPhoneSimulator.Build.0 = Release|Any CPU
		{C0D70484-B216-4830-897F-ED3AD5E121FA}.Ad-Hoc|x64.ActiveCfg = Release|Any CPU
		{C0D70484-B216-4830-897F-ED3AD5E121FA}.Ad-Hoc|x64.Build.0 = Release|Any CPU
		{C0D70484-B216-4830-897F-ED3AD5E121FA}.Ad-Hoc|x86.ActiveCfg = Release|Any CPU
		{C0D70484-B216-4830-897F-ED3AD5E121FA}.Ad-Hoc|x86.Build.0 = Release|Any CPU
		{C0D70484-B216-4830-897F-ED3AD5E121FA}.AppStore|Any CPU.ActiveCfg = Release|Any CPU
		{C0D70484-B216-4830-897F-ED3AD5E121FA}.AppStore|Any CPU.Build.0 = Release|Any CPU
		{C0D70484-B216-4830-897F-ED3AD5E121FA}.AppStore|ARM.ActiveCfg = Release|Any CPU
		{C0D70484-B216-4830-897F-ED3AD5E121FA}.AppStore|ARM.Build.0 = Release|Any CPU
		{C0D70484-B216-4830-897F-ED3AD5E121FA}.AppStore|iPhone.ActiveCfg = Release|Any CPU
		{C0D70484-B216-4830-897F-ED3AD5E121FA}.AppStore|iPhone.Build.0 = Release|Any CPU
		{C0D70484-B216-4830-897F-ED3AD5E121FA}.AppStore|iPhoneSimulator.ActiveCfg = Release|Any CPU
		{C0D70484-B216-4830-897F-ED3AD5E121FA}.AppStore|iPhoneSimulator.Build.0 = Release|Any CPU
		{C0D70484-B216-4830-897F-ED3AD5E121FA}.AppStore|x64.ActiveCfg = Release|Any CPU
		{C0D70484-B216-4830-897F-ED3AD5E121FA}.AppStore|x64.Build.0 = Release|Any CPU
		{C0D70484-B216-4830-897F-ED3AD5E121FA}.AppStore|x86.ActiveCfg = Release|Any CPU
		{C0D70484-B216-4830-897F-ED3AD5E121FA}.AppStore|x86.Build.0 = Release|Any CPU
		{C0D70484-B216-4830-897F-ED3AD5E121FA}.Debug|Any CPU.ActiveCfg = Debug|Any CPU
		{C0D70484-B216-4830-897F-ED3AD5E121FA}.Debug|Any CPU.Build.0 = Debug|Any CPU
		{C0D70484-B216-4830-897F-ED3AD5E121FA}.Debug|ARM.ActiveCfg = Debug|Any CPU
		{C0D70484-B216-4830-897F-ED3AD5E121FA}.Debug|ARM.Build.0 = Debug|Any CPU
		{C0D70484-B216-4830-897F-ED3AD5E121FA}.Debug|iPhone.ActiveCfg = Debug|Any CPU
		{C0D70484-B216-4830-897F-ED3AD5E121FA}.Debug|iPhone.Build.0 = Debug|Any CPU
		{C0D70484-B216-4830-897F-ED3AD5E121FA}.Debug|iPhoneSimulator.ActiveCfg = Debug|Any CPU
		{C0D70484-B216-4830-897F-ED3AD5E121FA}.Debug|iPhoneSimulator.Build.0 = Debug|Any CPU
		{C0D70484-B216-4830-897F-ED3AD5E121FA}.Debug|x64.ActiveCfg = Debug|Any CPU
		{C0D70484-B216-4830-897F-ED3AD5E121FA}.Debug|x64.Build.0 = Debug|Any CPU
		{C0D70484-B216-4830-897F-ED3AD5E121FA}.Debug|x86.ActiveCfg = Debug|Any CPU
		{C0D70484-B216-4830-897F-ED3AD5E121FA}.Debug|x86.Build.0 = Debug|Any CPU
		{C0D70484-B216-4830-897F-ED3AD5E121FA}.Release|Any CPU.ActiveCfg = Release|Any CPU
		{C0D70484-B216-4830-897F-ED3AD5E121FA}.Release|Any CPU.Build.0 = Release|Any CPU
		{C0D70484-B216-4830-897F-ED3AD5E121FA}.Release|ARM.ActiveCfg = Release|Any CPU
		{C0D70484-B216-4830-897F-ED3AD5E121FA}.Release|ARM.Build.0 = Release|Any CPU
		{C0D70484-B216-4830-897F-ED3AD5E121FA}.Release|iPhone.ActiveCfg = Release|Any CPU
		{C0D70484-B216-4830-897F-ED3AD5E121FA}.Release|iPhone.Build.0 = Release|Any CPU
		{C0D70484-B216-4830-897F-ED3AD5E121FA}.Release|iPhoneSimulator.ActiveCfg = Release|Any CPU
		{C0D70484-B216-4830-897F-ED3AD5E121FA}.Release|iPhoneSimulator.Build.0 = Release|Any CPU
		{C0D70484-B216-4830-897F-ED3AD5E121FA}.Release|x64.ActiveCfg = Release|Any CPU
		{C0D70484-B216-4830-897F-ED3AD5E121FA}.Release|x64.Build.0 = Release|Any CPU
		{C0D70484-B216-4830-897F-ED3AD5E121FA}.Release|x86.ActiveCfg = Release|Any CPU
		{C0D70484-B216-4830-897F-ED3AD5E121FA}.Release|x86.Build.0 = Release|Any CPU
	EndGlobalSection
	GlobalSection(SolutionProperties) = preSolution
		HideSolutionNode = FALSE
	EndGlobalSection
	GlobalSection(ExtensibilityGlobals) = postSolution
		SolutionGuid = {32CE6199-A745-4EF1-8817-952F37F8B62C}
	EndGlobalSection
EndGlobal
